
Microsoft Visual Studio Solution File, Format Version 12.00
# Visual Studio Version 16
VisualStudioVersion = 16.0.29806.167
MinimumVisualStudioVersion = 10.0.40219.1
Project("{FAE04EC0-301F-11D3-BF4B-00C04F79EFBC}") = "Deadloclk", "Deadloclk\Deadloclk.csproj", "{CEDB2190-C481-4B4F-9B64-983BFEEE19B2}"
EndProject
Global
	GlobalSection(SolutionConfigurationPlatforms) = preSolution
		Debug|Any CPU = Debug|Any CPU
		Release|Any CPU = Release|Any CPU
	EndGlobalSection
	GlobalSection(ProjectConfigurationPlatforms) = postSolution
		{CEDB2190-C481-4B4F-9B64-983BFEEE19B2}.Debug|Any CPU.ActiveCfg = Debug|Any CPU
		{CEDB2190-C481-4B4F-9B64-983BFEEE19B2}.Debug|Any CPU.Build.0 = Debug|Any CPU
		{CEDB2190-C481-4B4F-9B64-983BFEEE19B2}.Release|Any CPU.ActiveCfg = Release|Any CPU
		{CEDB2190-C481-4B4F-9B64-983BFEEE19B2}.Release|Any CPU.Build.0 = Release|Any CPU
	EndGlobalSection
	GlobalSection(SolutionProperties) = preSolution
		HideSolutionNode = FALSE
	EndGlobalSection
	GlobalSection(ExtensibilityGlobals) = postSolution
		SolutionGuid = {35525D72-AA62-4529-BC24-8CCB277D3695}
	EndGlobalSection
EndGlobal
